
Microsoft Visual Studio Solution File, Format Version 12.00
# Visual Studio Version 17
VisualStudioVersion = 17.8.34511.84
MinimumVisualStudioVersion = 10.0.40219.1
Project("{FAE04EC0-301F-11D3-BF4B-00C04F79EFBC}") = "Areas", "Areas.csproj", "{6CAEB6BD-7FBE-43BA-B039-D95A252EAD6F}"
EndProject
Project("{FAE04EC0-301F-11D3-BF4B-00C04F79EFBC}") = "Tests", "..\Tests\Tests.csproj", "{0C17C5D1-40EE-4754-AD32-61E22BDE69FA}"
EndProject
Global
	GlobalSection(SolutionConfigurationPlatforms) = preSolution
		Debug|Any CPU = Debug|Any CPU
		Release|Any CPU = Release|Any CPU
	EndGlobalSection
	GlobalSection(ProjectConfigurationPlatforms) = postSolution
		{6CAEB6BD-7FBE-43BA-B039-D95A252EAD6F}.Debug|Any CPU.ActiveCfg = Debug|Any CPU
		{6CAEB6BD-7FBE-43BA-B039-D95A252EAD6F}.Debug|Any CPU.Build.0 = Debug|Any CPU
		{6CAEB6BD-7FBE-43BA-B039-D95A252EAD6F}.Release|Any CPU.ActiveCfg = Release|Any CPU
		{6CAEB6BD-7FBE-43BA-B039-D95A252EAD6F}.Release|Any CPU.Build.0 = Release|Any CPU
		{0C17C5D1-40EE-4754-AD32-61E22BDE69FA}.Debug|Any CPU.ActiveCfg = Debug|Any CPU
		{0C17C5D1-40EE-4754-AD32-61E22BDE69FA}.Debug|Any CPU.Build.0 = Debug|Any CPU
		{0C17C5D1-40EE-4754-AD32-61E22BDE69FA}.Release|Any CPU.ActiveCfg = Release|Any CPU
		{0C17C5D1-40EE-4754-AD32-61E22BDE69FA}.Release|Any CPU.Build.0 = Release|Any CPU
	EndGlobalSection
	GlobalSection(SolutionProperties) = preSolution
		HideSolutionNode = FALSE
	EndGlobalSection
	GlobalSection(ExtensibilityGlobals) = postSolution
		SolutionGuid = {59E86CC9-525A-4F0D-8594-865BA2C2488B}
	EndGlobalSection
EndGlobal
